
Microsoft Visual Studio Solution File, Format Version 12.00
# Visual Studio Version 16
VisualStudioVersion = 16.0.32126.315
MinimumVisualStudioVersion = 10.0.40219.1
Project("{FAE04EC0-301F-11D3-BF4B-00C04F79EFBC}") = "AIHR Task2", "AIHR Task2\AIHR Task2.csproj", "{4DA0A9E4-7636-422D-9873-F92A5A6134AA}"
EndProject
Global
	GlobalSection(SolutionConfigurationPlatforms) = preSolution
		Debug|Any CPU = Debug|Any CPU
		Release|Any CPU = Release|Any CPU
	EndGlobalSection
	GlobalSection(ProjectConfigurationPlatforms) = postSolution
		{4DA0A9E4-7636-422D-9873-F92A5A6134AA}.Debug|Any CPU.ActiveCfg = Debug|Any CPU
		{4DA0A9E4-7636-422D-9873-F92A5A6134AA}.Debug|Any CPU.Build.0 = Debug|Any CPU
		{4DA0A9E4-7636-422D-9873-F92A5A6134AA}.Release|Any CPU.ActiveCfg = Release|Any CPU
		{4DA0A9E4-7636-422D-9873-F92A5A6134AA}.Release|Any CPU.Build.0 = Release|Any CPU
	EndGlobalSection
	GlobalSection(SolutionProperties) = preSolution
		HideSolutionNode = FALSE
	EndGlobalSection
	GlobalSection(ExtensibilityGlobals) = postSolution
		SolutionGuid = {A1695541-A074-471D-A9EE-7E064E6964C4}
	EndGlobalSection
EndGlobal
